// !$*UTF8*$!
{
	archiveVersion = 1;
	classes = {
	};
	objectVersion = 56;
	objects = {

/* Begin PBXBuildFile section */
		902BD5AF2C5E8EAA001D8DDB /* SmartHomeThermostatApp.swift in Sources */ = {isa = PBXBuildFile; fileRef = 902BD5AE2C5E8EAA001D8DDB /* SmartHomeThermostatApp.swift */; };
		902BD5B12C5E8EAA001D8DDB /* ContentView.swift in Sources */ = {isa = PBXBuildFile; fileRef = 902BD5B02C5E8EAA001D8DDB /* ContentView.swift */; };
		902BD5B32C5E8EAC001D8DDB /* Assets.xcassets in Resources */ = {isa = PBXBuildFile; fileRef = 902BD5B22C5E8EAC001D8DDB /* Assets.xcassets */; };
		902BD5B62C5E8EAC001D8DDB /* Preview Assets.xcassets in Resources */ = {isa = PBXBuildFile; fileRef = 902BD5B52C5E8EAC001D8DDB /* Preview Assets.xcassets */; };
		902BD5C02C5E8EAC001D8DDB /* SmartHomeThermostatTests.swift in Sources */ = {isa = PBXBuildFile; fileRef = 902BD5BF2C5E8EAC001D8DDB /* SmartHomeThermostatTests.swift */; };
		902BD5CA2C5E8EAC001D8DDB /* SmartHomeThermostatUITests.swift in Sources */ = {isa = PBXBuildFile; fileRef = 902BD5C92C5E8EAC001D8DDB /* SmartHomeThermostatUITests.swift */; };
		902BD5CC2C5E8EAC001D8DDB /* SmartHomeThermostatUITestsLaunchTests.swift in Sources */ = {isa = PBXBuildFile; fileRef = 902BD5CB2C5E8EAC001D8DDB /* SmartHomeThermostatUITestsLaunchTests.swift */; };
		902BD5DD2C5E9AFA001D8DDB /* Extensions.swift in Sources */ = {isa = PBXBuildFile; fileRef = 902BD5DC2C5E9AFA001D8DDB /* Extensions.swift */; };
		905C46A42C5FF6FC00F6454F /* ThermostatScaleView.swift in Sources */ = {isa = PBXBuildFile; fileRef = 905C46A32C5FF6FC00F6454F /* ThermostatScaleView.swift */; };
		90835B372C5FBC2C00D6A21F /* ThermostatPlaceholderView.swift in Sources */ = {isa = PBXBuildFile; fileRef = 90835B362C5FBC2C00D6A21F /* ThermostatPlaceholderView.swift */; };
		90835B392C5FD0E000D6A21F /* ThermostatView.swift in Sources */ = {isa = PBXBuildFile; fileRef = 90835B382C5FD0E000D6A21F /* ThermostatView.swift */; };
		90835B3B2C5FD44E00D6A21F /* ThermostatDialView.swift in Sources */ = {isa = PBXBuildFile; fileRef = 90835B3A2C5FD44E00D6A21F /* ThermostatDialView.swift */; };
		90835B3D2C5FE85E00D6A21F /* ThermostatSummeryView.swift in Sources */ = {isa = PBXBuildFile; fileRef = 90835B3C2C5FE85E00D6A21F /* ThermostatSummeryView.swift */; };
		90EBC6572C5F7E960072DD07 /* ClimateCard.swift in Sources */ = {isa = PBXBuildFile; fileRef = 90EBC6562C5F7E960072DD07 /* ClimateCard.swift */; };
/* End PBXBuildFile section */

/* Begin PBXContainerItemProxy section */
		902BD5BC2C5E8EAC001D8DDB /* PBXContainerItemProxy */ = {
			isa = PBXContainerItemProxy;
			containerPortal = 902BD5A32C5E8EAA001D8DDB /* Project object */;
			proxyType = 1;
			remoteGlobalIDString = 902BD5AA2C5E8EAA001D8DDB;
			remoteInfo = SmartHomeThermostat;
		};
		902BD5C62C5E8EAC001D8DDB /* PBXContainerItemProxy */ = {
			isa = PBXContainerItemProxy;
			containerPortal = 902BD5A32C5E8EAA001D8DDB /* Project object */;
			proxyType = 1;
			remoteGlobalIDString = 902BD5AA2C5E8EAA001D8DDB;
			remoteInfo = SmartHomeThermostat;
		};
/* End PBXContainerItemProxy section */

/* Begin PBXFileReference section */
		902BD5AB2C5E8EAA001D8DDB /* SmartHomeThermostat.app */ = {isa = PBXFileReference; explicitFileType = wrapper.application; includeInIndex = 0; path = SmartHomeThermostat.app; sourceTree = BUILT_PRODUCTS_DIR; };
		902BD5AE2C5E8EAA001D8DDB /* SmartHomeThermostatApp.swift */ = {isa = PBXFileReference; lastKnownFileType = sourcecode.swift; path = SmartHomeThermostatApp.swift; sourceTree = "<group>"; };
		902BD5B02C5E8EAA001D8DDB /* ContentView.swift */ = {isa = PBXFileReference; lastKnownFileType = sourcecode.swift; path = ContentView.swift; sourceTree = "<group>"; };
		902BD5B22C5E8EAC001D8DDB /* Assets.xcassets */ = {isa = PBXFileReference; lastKnownFileType = folder.assetcatalog; path = Assets.xcassets; sourceTree = "<group>"; };
		902BD5B52C5E8EAC001D8DDB /* Preview Assets.xcassets */ = {isa = PBXFileReference; lastKnownFileType = folder.assetcatalog; path = "Preview Assets.xcassets"; sourceTree = "<group>"; };
		902BD5BB2C5E8EAC001D8DDB /* SmartHomeThermostatTests.xctest */ = {isa = PBXFileReference; explicitFileType = wrapper.cfbundle; includeInIndex = 0; path = SmartHomeThermostatTests.xctest; sourceTree = BUILT_PRODUCTS_DIR; };
		902BD5BF2C5E8EAC001D8DDB /* SmartHomeThermostatTests.swift */ = {isa = PBXFileReference; lastKnownFileType = sourcecode.swift; path = SmartHomeThermostatTests.swift; sourceTree = "<group>"; };
		902BD5C52C5E8EAC001D8DDB /* SmartHomeThermostatUITests.xctest */ = {isa = PBXFileReference; explicitFileType = wrapper.cfbundle; includeInIndex = 0; path = SmartHomeThermostatUITests.xctest; sourceTree = BUILT_PRODUCTS_DIR; };
		902BD5C92C5E8EAC001D8DDB /* SmartHomeThermostatUITests.swift */ = {isa = PBXFileReference; lastKnownFileType = sourcecode.swift; path = SmartHomeThermostatUITests.swift; sourceTree = "<group>"; };
		902BD5CB2C5E8EAC001D8DDB /* SmartHomeThermostatUITestsLaunchTests.swift */ = {isa = PBXFileReference; lastKnownFileType = sourcecode.swift; path = SmartHomeThermostatUITestsLaunchTests.swift; sourceTree = "<group>"; };
		902BD5DC2C5E9AFA001D8DDB /* Extensions.swift */ = {isa = PBXFileReference; lastKnownFileType = sourcecode.swift; path = Extensions.swift; sourceTree = "<group>"; };
		905C46A32C5FF6FC00F6454F /* ThermostatScaleView.swift */ = {isa = PBXFileReference; lastKnownFileType = sourcecode.swift; path = ThermostatScaleView.swift; sourceTree = "<group>"; };
		90835B362C5FBC2C00D6A21F /* ThermostatPlaceholderView.swift */ = {isa = PBXFileReference; lastKnownFileType = sourcecode.swift; path = ThermostatPlaceholderView.swift; sourceTree = "<group>"; };
		90835B382C5FD0E000D6A21F /* ThermostatView.swift */ = {isa = PBXFileReference; lastKnownFileType = sourcecode.swift; path = ThermostatView.swift; sourceTree = "<group>"; };
		90835B3A2C5FD44E00D6A21F /* ThermostatDialView.swift */ = {isa = PBXFileReference; lastKnownFileType = sourcecode.swift; path = ThermostatDialView.swift; sourceTree = "<group>"; };
		90835B3C2C5FE85E00D6A21F /* ThermostatSummeryView.swift */ = {isa = PBXFileReference; lastKnownFileType = sourcecode.swift; path = ThermostatSummeryView.swift; sourceTree = "<group>"; };
		90EBC6562C5F7E960072DD07 /* ClimateCard.swift */ = {isa = PBXFileReference; lastKnownFileType = sourcecode.swift; path = ClimateCard.swift; sourceTree = "<group>"; };
/* End PBXFileReference section */

/* Begin PBXFrameworksBuildPhase section */
		902BD5A82C5E8EAA001D8DDB /* Frameworks */ = {
			isa = PBXFrameworksBuildPhase;
			buildActionMask = 2147483647;
			files = (
			);
			runOnlyForDeploymentPostprocessing = 0;
		};
		902BD5B82C5E8EAC001D8DDB /* Frameworks */ = {
			isa = PBXFrameworksBuildPhase;
			buildActionMask = 2147483647;
			files = (
			);
			runOnlyForDeploymentPostprocessing = 0;
		};
		902BD5C22C5E8EAC001D8DDB /* Frameworks */ = {
			isa = PBXFrameworksBuildPhase;
			buildActionMask = 2147483647;
			files = (
			);
			runOnlyForDeploymentPostprocessing = 0;
		};
/* End PBXFrameworksBuildPhase section */

/* Begin PBXGroup section */
		902BD5A22C5E8EAA001D8DDB = {
			isa = PBXGroup;
			children = (
				902BD5AD2C5E8EAA001D8DDB /* SmartHomeThermostat */,
				902BD5BE2C5E8EAC001D8DDB /* SmartHomeThermostatTests */,
				902BD5C82C5E8EAC001D8DDB /* SmartHomeThermostatUITests */,
				902BD5AC2C5E8EAA001D8DDB /* Products */,
			);
			sourceTree = "<group>";
		};
		902BD5AC2C5E8EAA001D8DDB /* Products */ = {
			isa = PBXGroup;
			children = (
				902BD5AB2C5E8EAA001D8DDB /* SmartHomeThermostat.app */,
				902BD5BB2C5E8EAC001D8DDB /* SmartHomeThermostatTests.xctest */,
				902BD5C52C5E8EAC001D8DDB /* SmartHomeThermostatUITests.xctest */,
			);
			name = Products;
			sourceTree = "<group>";
		};
		902BD5AD2C5E8EAA001D8DDB /* SmartHomeThermostat */ = {
			isa = PBXGroup;
			children = (
				902BD5DC2C5E9AFA001D8DDB /* Extensions.swift */,
				902BD5AE2C5E8EAA001D8DDB /* SmartHomeThermostatApp.swift */,
				902BD5B02C5E8EAA001D8DDB /* ContentView.swift */,
				902BD5B22C5E8EAC001D8DDB /* Assets.xcassets */,
				90EBC6562C5F7E960072DD07 /* ClimateCard.swift */,
				90835B362C5FBC2C00D6A21F /* ThermostatPlaceholderView.swift */,
				90835B3C2C5FE85E00D6A21F /* ThermostatSummeryView.swift */,
				90835B3A2C5FD44E00D6A21F /* ThermostatDialView.swift */,
				90835B382C5FD0E000D6A21F /* ThermostatView.swift */,
				902BD5B42C5E8EAC001D8DDB /* Preview Content */,
				905C46A32C5FF6FC00F6454F /* ThermostatScaleView.swift */,
			);
			path = SmartHomeThermostat;
			sourceTree = "<group>";
		};
		902BD5B42C5E8EAC001D8DDB /* Preview Content */ = {
			isa = PBXGroup;
			children = (
				902BD5B52C5E8EAC001D8DDB /* Preview Assets.xcassets */,
			);
			path = "Preview Content";
			sourceTree = "<group>";
		};
		902BD5BE2C5E8EAC001D8DDB /* SmartHomeThermostatTests */ = {
			isa = PBXGroup;
			children = (
				902BD5BF2C5E8EAC001D8DDB /* SmartHomeThermostatTests.swift */,
			);
			path = SmartHomeThermostatTests;
			sourceTree = "<group>";
		};
		902BD5C82C5E8EAC001D8DDB /* SmartHomeThermostatUITests */ = {
			isa = PBXGroup;
			children = (
				902BD5C92C5E8EAC001D8DDB /* SmartHomeThermostatUITests.swift */,
				902BD5CB2C5E8EAC001D8DDB /* SmartHomeThermostatUITestsLaunchTests.swift */,
			);
			path = SmartHomeThermostatUITests;
			sourceTree = "<group>";
		};
/* End PBXGroup section */

/* Begin PBXNativeTarget section */
		902BD5AA2C5E8EAA001D8DDB /* SmartHomeThermostat */ = {
			isa = PBXNativeTarget;
			buildConfigurationList = 902BD5CF2C5E8EAC001D8DDB /* Build configuration list for PBXNativeTarget "SmartHomeThermostat" */;
			buildPhases = (
				902BD5A72C5E8EAA001D8DDB /* Sources */,
				902BD5A82C5E8EAA001D8DDB /* Frameworks */,
				902BD5A92C5E8EAA001D8DDB /* Resources */,
			);
			buildRules = (
			);
			dependencies = (
			);
			name = SmartHomeThermostat;
			productName = SmartHomeThermostat;
			productReference = 902BD5AB2C5E8EAA001D8DDB /* SmartHomeThermostat.app */;
			productType = "com.apple.product-type.application";
		};
		902BD5BA2C5E8EAC001D8DDB /* SmartHomeThermostatTests */ = {
			isa = PBXNativeTarget;
			buildConfigurationList = 902BD5D22C5E8EAC001D8DDB /* Build configuration list for PBXNativeTarget "SmartHomeThermostatTests" */;
			buildPhases = (
				902BD5B72C5E8EAC001D8DDB /* Sources */,
				902BD5B82C5E8EAC001D8DDB /* Frameworks */,
				902BD5B92C5E8EAC001D8DDB /* Resources */,
			);
			buildRules = (
			);
			dependencies = (
				902BD5BD2C5E8EAC001D8DDB /* PBXTargetDependency */,
			);
			name = SmartHomeThermostatTests;
			productName = SmartHomeThermostatTests;
			productReference = 902BD5BB2C5E8EAC001D8DDB /* SmartHomeThermostatTests.xctest */;
			productType = "com.apple.product-type.bundle.unit-test";
		};
		902BD5C42C5E8EAC001D8DDB /* SmartHomeThermostatUITests */ = {
			isa = PBXNativeTarget;
			buildConfigurationList = 902BD5D52C5E8EAC001D8DDB /* Build configuration list for PBXNativeTarget "SmartHomeThermostatUITests" */;
			buildPhases = (
				902BD5C12C5E8EAC001D8DDB /* Sources */,
				902BD5C22C5E8EAC001D8DDB /* Frameworks */,
				902BD5C32C5E8EAC001D8DDB /* Resources */,
			);
			buildRules = (
			);
			dependencies = (
				902BD5C72C5E8EAC001D8DDB /* PBXTargetDependency */,
			);
			name = SmartHomeThermostatUITests;
			productName = SmartHomeThermostatUITests;
			productReference = 902BD5C52C5E8EAC001D8DDB /* SmartHomeThermostatUITests.xctest */;
			productType = "com.apple.product-type.bundle.ui-testing";
		};
/* End PBXNativeTarget section */

/* Begin PBXProject section */
		902BD5A32C5E8EAA001D8DDB /* Project object */ = {
			isa = PBXProject;
			attributes = {
				BuildIndependentTargetsInParallel = 1;
				LastSwiftUpdateCheck = 1540;
				LastUpgradeCheck = 1540;
				TargetAttributes = {
					902BD5AA2C5E8EAA001D8DDB = {
						CreatedOnToolsVersion = 15.4;
					};
					902BD5BA2C5E8EAC001D8DDB = {
						CreatedOnToolsVersion = 15.4;
						TestTargetID = 902BD5AA2C5E8EAA001D8DDB;
					};
					902BD5C42C5E8EAC001D8DDB = {
						CreatedOnToolsVersion = 15.4;
						TestTargetID = 902BD5AA2C5E8EAA001D8DDB;
					};
				};
			};
			buildConfigurationList = 902BD5A62C5E8EAA001D8DDB /* Build configuration list for PBXProject "SmartHomeThermostat" */;
			compatibilityVersion = "Xcode 14.0";
			developmentRegion = en;
			hasScannedForEncodings = 0;
			knownRegions = (
				en,
				Base,
			);
			mainGroup = 902BD5A22C5E8EAA001D8DDB;
			productRefGroup = 902BD5AC2C5E8EAA001D8DDB /* Products */;
			projectDirPath = "";
			projectRoot = "";
			targets = (
				902BD5AA2C5E8EAA001D8DDB /* SmartHomeThermostat */,
				902BD5BA2C5E8EAC001D8DDB /* SmartHomeThermostatTests */,
				902BD5C42C5E8EAC001D8DDB /* SmartHomeThermostatUITests */,
			);
		};
/* End PBXProject section */

/* Begin PBXResourcesBuildPhase section */
		902BD5A92C5E8EAA001D8DDB /* Resources */ = {
			isa = PBXResourcesBuildPhase;
			buildActionMask = 2147483647;
			files = (
				902BD5B62C5E8EAC001D8DDB /* Preview Assets.xcassets in Resources */,
				902BD5B32C5E8EAC001D8DDB /* Assets.xcassets in Resources */,
			);
			runOnlyForDeploymentPostprocessing = 0;
		};
		902BD5B92C5E8EAC001D8DDB /* Resources */ = {
			isa = PBXResourcesBuildPhase;
			buildActionMask = 2147483647;
			files = (
			);
			runOnlyForDeploymentPostprocessing = 0;
		};
		902BD5C32C5E8EAC001D8DDB /* Resources */ = {
			isa = PBXResourcesBuildPhase;
			buildActionMask = 2147483647;
			files = (
			);
			runOnlyForDeploymentPostprocessing = 0;
		};
/* End PBXResourcesBuildPhase section */

/* Begin PBXSourcesBuildPhase section */
		902BD5A72C5E8EAA001D8DDB /* Sources */ = {
			isa = PBXSourcesBuildPhase;
			buildActionMask = 2147483647;
			files = (
				905C46A42C5FF6FC00F6454F /* ThermostatScaleView.swift in Sources */,
				902BD5B12C5E8EAA001D8DDB /* ContentView.swift in Sources */,
				90835B392C5FD0E000D6A21F /* ThermostatView.swift in Sources */,
				90EBC6572C5F7E960072DD07 /* ClimateCard.swift in Sources */,
				902BD5DD2C5E9AFA001D8DDB /* Extensions.swift in Sources */,
				90835B3B2C5FD44E00D6A21F /* ThermostatDialView.swift in Sources */,
				90835B372C5FBC2C00D6A21F /* ThermostatPlaceholderView.swift in Sources */,
				90835B3D2C5FE85E00D6A21F /* ThermostatSummeryView.swift in Sources */,
				902BD5AF2C5E8EAA001D8DDB /* SmartHomeThermostatApp.swift in Sources */,
			);
			runOnlyForDeploymentPostprocessing = 0;
		};
		902BD5B72C5E8EAC001D8DDB /* Sources */ = {
			isa = PBXSourcesBuildPhase;
			buildActionMask = 2147483647;
			files = (
				902BD5C02C5E8EAC001D8DDB /* SmartHomeThermostatTests.swift in Sources */,
			);
			runOnlyForDeploymentPostprocessing = 0;
		};
		902BD5C12C5E8EAC001D8DDB /* Sources */ = {
			isa = PBXSourcesBuildPhase;
			buildActionMask = 2147483647;
			files = (
				902BD5CC2C5E8EAC001D8DDB /* SmartHomeThermostatUITestsLaunchTests.swift in Sources */,
				902BD5CA2C5E8EAC001D8DDB /* SmartHomeThermostatUITests.swift in Sources */,
			);
			runOnlyForDeploymentPostprocessing = 0;
		};
/* End PBXSourcesBuildPhase section */

/* Begin PBXTargetDependency section */
		902BD5BD2C5E8EAC001D8DDB /* PBXTargetDependency */ = {
			isa = PBXTargetDependency;
			target = 902BD5AA2C5E8EAA001D8DDB /* SmartHomeThermostat */;
			targetProxy = 902BD5BC2C5E8EAC001D8DDB /* PBXContainerItemProxy */;
		};
		902BD5C72C5E8EAC001D8DDB /* PBXTargetDependency */ = {
			isa = PBXTargetDependency;
			target = 902BD5AA2C5E8EAA001D8DDB /* SmartHomeThermostat */;
			targetProxy = 902BD5C62C5E8EAC001D8DDB /* PBXContainerItemProxy */;
		};
/* End PBXTargetDependency section */

/* Begin XCBuildConfiguration section */
		902BD5CD2C5E8EAC001D8DDB /* Debug */ = {
			isa = XCBuildConfiguration;
			buildSettings = {
				ALWAYS_SEARCH_USER_PATHS = NO;
				ASSETCATALOG_COMPILER_GENERATE_SWIFT_ASSET_SYMBOL_EXTENSIONS = YES;
				CLANG_ANALYZER_NONNULL = YES;
				CLANG_ANALYZER_NUMBER_OBJECT_CONVERSION = YES_AGGRESSIVE;
				CLANG_CXX_LANGUAGE_STANDARD = "gnu++20";
				CLANG_ENABLE_MODULES = YES;
				CLANG_ENABLE_OBJC_ARC = YES;
				CLANG_ENABLE_OBJC_WEAK = YES;
				CLANG_WARN_BLOCK_CAPTURE_AUTORELEASING = YES;
				CLANG_WARN_BOOL_CONVERSION = YES;
				CLANG_WARN_COMMA = YES;
				CLANG_WARN_CONSTANT_CONVERSION = YES;
				CLANG_WARN_DEPRECATED_OBJC_IMPLEMENTATIONS = YES;
				CLANG_WARN_DIRECT_OBJC_ISA_USAGE = YES_ERROR;
				CLANG_WARN_DOCUMENTATION_COMMENTS = YES;
				CLANG_WARN_EMPTY_BODY = YES;
				CLANG_WARN_ENUM_CONVERSION = YES;
				CLANG_WARN_INFINITE_RECURSION = YES;
				CLANG_WARN_INT_CONVERSION = YES;
				CLANG_WARN_NON_LITERAL_NULL_CONVERSION = YES;
				CLANG_WARN_OBJC_IMPLICIT_RETAIN_SELF = YES;
				CLANG_WARN_OBJC_LITERAL_CONVERSION = YES;
				CLANG_WARN_OBJC_ROOT_CLASS = YES_ERROR;
				CLANG_WARN_QUOTED_INCLUDE_IN_FRAMEWORK_HEADER = YES;
				CLANG_WARN_RANGE_LOOP_ANALYSIS = YES;
				CLANG_WARN_STRICT_PROTOTYPES = YES;
				CLANG_WARN_SUSPICIOUS_MOVE = YES;
				CLANG_WARN_UNGUARDED_AVAILABILITY = YES_AGGRESSIVE;
				CLANG_WARN_UNREACHABLE_CODE = YES;
				CLANG_WARN__DUPLICATE_METHOD_MATCH = YES;
				COPY_PHASE_STRIP = NO;
				DEBUG_INFORMATION_FORMAT = dwarf;
				ENABLE_STRICT_OBJC_MSGSEND = YES;
				ENABLE_TESTABILITY = YES;
				ENABLE_USER_SCRIPT_SANDBOXING = YES;
				GCC_C_LANGUAGE_STANDARD = gnu17;
				GCC_DYNAMIC_NO_PIC = NO;
				GCC_NO_COMMON_BLOCKS = YES;
				GCC_OPTIMIZATION_LEVEL = 0;
				GCC_PREPROCESSOR_DEFINITIONS = (
					"DEBUG=1",
					"$(inherited)",
				);
				GCC_WARN_64_TO_32_BIT_CONVERSION = YES;
				GCC_WARN_ABOUT_RETURN_TYPE = YES_ERROR;
				GCC_WARN_UNDECLARED_SELECTOR = YES;
				GCC_WARN_UNINITIALIZED_AUTOS = YES_AGGRESSIVE;
				GCC_WARN_UNUSED_FUNCTION = YES;
				GCC_WARN_UNUSED_VARIABLE = YES;
				IPHONEOS_DEPLOYMENT_TARGET = 17.5;
				LOCALIZATION_PREFERS_STRING_CATALOGS = YES;
				MTL_ENABLE_DEBUG_INFO = INCLUDE_SOURCE;
				MTL_FAST_MATH = YES;
				ONLY_ACTIVE_ARCH = YES;
				SDKROOT = iphoneos;
				SWIFT_ACTIVE_COMPILATION_CONDITIONS = "DEBUG $(inherited)";
				SWIFT_OPTIMIZATION_LEVEL = "-Onone";
			};
			name = Debug;
		};
		902BD5CE2C5E8EAC001D8DDB /* Release */ = {
			isa = XCBuildConfiguration;
			buildSettings = {
				ALWAYS_SEARCH_USER_PATHS = NO;
				ASSETCATALOG_COMPILER_GENERATE_SWIFT_ASSET_SYMBOL_EXTENSIONS = YES;
				CLANG_ANALYZER_NONNULL = YES;
				CLANG_ANALYZER_NUMBER_OBJECT_CONVERSION = YES_AGGRESSIVE;
				CLANG_CXX_LANGUAGE_STANDARD = "gnu++20";
				CLANG_ENABLE_MODULES = YES;
				CLANG_ENABLE_OBJC_ARC = YES;
				CLANG_ENABLE_OBJC_WEAK = YES;
				CLANG_WARN_BLOCK_CAPTURE_AUTORELEASING = YES;
				CLANG_WARN_BOOL_CONVERSION = YES;
				CLANG_WARN_COMMA = YES;
				CLANG_WARN_CONSTANT_CONVERSION = YES;
				CLANG_WARN_DEPRECATED_OBJC_IMPLEMENTATIONS = YES;
				CLANG_WARN_DIRECT_OBJC_ISA_USAGE = YES_ERROR;
				CLANG_WARN_DOCUMENTATION_COMMENTS = YES;
				CLANG_WARN_EMPTY_BODY = YES;
				CLANG_WARN_ENUM_CONVERSION = YES;
				CLANG_WARN_INFINITE_RECURSION = YES;
				CLANG_WARN_INT_CONVERSION = YES;
				CLANG_WARN_NON_LITERAL_NULL_CONVERSION = YES;
				CLANG_WARN_OBJC_IMPLICIT_RETAIN_SELF = YES;
				CLANG_WARN_OBJC_LITERAL_CONVERSION = YES;
				CLANG_WARN_OBJC_ROOT_CLASS = YES_ERROR;
				CLANG_WARN_QUOTED_INCLUDE_IN_FRAMEWORK_HEADER = YES;
				CLANG_WARN_RANGE_LOOP_ANALYSIS = YES;
				CLANG_WARN_STRICT_PROTOTYPES = YES;
				CLANG_WARN_SUSPICIOUS_MOVE = YES;
				CLANG_WARN_UNGUARDED_AVAILABILITY = YES_AGGRESSIVE;
				CLANG_WARN_UNREACHABLE_CODE = YES;
				CLANG_WARN__DUPLICATE_METHOD_MATCH = YES;
				COPY_PHASE_STRIP = NO;
				DEBUG_INFORMATION_FORMAT = "dwarf-with-dsym";
				ENABLE_NS_ASSERTIONS = NO;
				ENABLE_STRICT_OBJC_MSGSEND = YES;
				ENABLE_USER_SCRIPT_SANDBOXING = YES;
				GCC_C_LANGUAGE_STANDARD = gnu17;
				GCC_NO_COMMON_BLOCKS = YES;
				GCC_WARN_64_TO_32_BIT_CONVERSION = YES;
				GCC_WARN_ABOUT_RETURN_TYPE = YES_ERROR;
				GCC_WARN_UNDECLARED_SELECTOR = YES;
				GCC_WARN_UNINITIALIZED_AUTOS = YES_AGGRESSIVE;
				GCC_WARN_UNUSED_FUNCTION = YES;
				GCC_WARN_UNUSED_VARIABLE = YES;
				IPHONEOS_DEPLOYMENT_TARGET = 17.5;
				LOCALIZATION_PREFERS_STRING_CATALOGS = YES;
				MTL_ENABLE_DEBUG_INFO = NO;
				MTL_FAST_MATH = YES;
				SDKROOT = iphoneos;
				SWIFT_COMPILATION_MODE = wholemodule;
				VALIDATE_PRODUCT = YES;
			};
			name = Release;
		};
		902BD5D02C5E8EAC001D8DDB /* Debug */ = {
			isa = XCBuildConfiguration;
			buildSettings = {
				ASSETCATALOG_COMPILER_APPICON_NAME = AppIcon;
				ASSETCATALOG_COMPILER_GLOBAL_ACCENT_COLOR_NAME = AccentColor;
				ASSETCATALOG_COMPILER_INCLUDE_ALL_APPICON_ASSETS = NO;
				CODE_SIGN_STYLE = Automatic;
				CURRENT_PROJECT_VERSION = 1;
				DEVELOPMENT_ASSET_PATHS = "";
				DEVELOPMENT_TEAM = 4S632X8MX9;
				ENABLE_PREVIEWS = YES;
				GENERATE_INFOPLIST_FILE = YES;
				INFOPLIST_KEY_UIApplicationSceneManifest_Generation = YES;
				INFOPLIST_KEY_UIApplicationSupportsIndirectInputEvents = YES;
				INFOPLIST_KEY_UILaunchScreen_Generation = YES;
				INFOPLIST_KEY_UISupportedInterfaceOrientations_iPad = "UIInterfaceOrientationPortrait UIInterfaceOrientationPortraitUpsideDown UIInterfaceOrientationLandscapeLeft UIInterfaceOrientationLandscapeRight";
				INFOPLIST_KEY_UISupportedInterfaceOrientations_iPhone = "UIInterfaceOrientationPortrait UIInterfaceOrientationLandscapeLeft UIInterfaceOrientationLandscapeRight";
				IPHONEOS_DEPLOYMENT_TARGET = 16.6;
				LD_RUNPATH_SEARCH_PATHS = (
					"$(inherited)",
					"@executable_path/Frameworks",
				);
				MARKETING_VERSION = 1.0;
				PRODUCT_BUNDLE_IDENTIFIER = io.skywalker.SmartHomeThermostat;
				PRODUCT_NAME = "$(TARGET_NAME)";
				SWIFT_EMIT_LOC_STRINGS = YES;
				SWIFT_VERSION = 5.0;
				TARGETED_DEVICE_FAMILY = "1,2";
			};
			name = Debug;
		};
		902BD5D12C5E8EAC001D8DDB /* Release */ = {
			isa = XCBuildConfiguration;
			buildSettings = {
				ASSETCATALOG_COMPILER_APPICON_NAME = AppIcon;
				ASSETCATALOG_COMPILER_GLOBAL_ACCENT_COLOR_NAME = AccentColor;
				ASSETCATALOG_COMPILER_INCLUDE_ALL_APPICON_ASSETS = NO;
				CODE_SIGN_STYLE = Automatic;
				CURRENT_PROJECT_VERSION = 1;
				DEVELOPMENT_ASSET_PATHS = "";
				DEVELOPMENT_TEAM = 4S632X8MX9;
				ENABLE_PREVIEWS = YES;
				GENERATE_INFOPLIST_FILE = YES;
				INFOPLIST_KEY_UIApplicationSceneManifest_Generation = YES;
				INFOPLIST_KEY_UIApplicationSupportsIndirectInputEvents = YES;
				INFOPLIST_KEY_UILaunchScreen_Generation = YES;
				INFOPLIST_KEY_UISupportedInterfaceOrientations_iPad = "UIInterfaceOrientationPortrait UIInterfaceOrientationPortraitUpsideDown UIInterfaceOrientationLandscapeLeft UIInterfaceOrientationLandscapeRight";
				INFOPLIST_KEY_UISupportedInterfaceOrientations_iPhone = "UIInterfaceOrientationPortrait UIInterfaceOrientationLandscapeLeft UIInterfaceOrientationLandscapeRight";
				IPHONEOS_DEPLOYMENT_TARGET = 16.6;
				LD_RUNPATH_SEARCH_PATHS = (
					"$(inherited)",
					"@executable_path/Frameworks",
				);
				MARKETING_VERSION = 1.0;
				PRODUCT_BUNDLE_IDENTIFIER = io.skywalker.SmartHomeThermostat;
				PRODUCT_NAME = "$(TARGET_NAME)";
				SWIFT_EMIT_LOC_STRINGS = YES;
				SWIFT_VERSION = 5.0;
				TARGETED_DEVICE_FAMILY = "1,2";
			};
			name = Release;
		};
		902BD5D32C5E8EAC001D8DDB /* Debug */ = {
			isa = XCBuildConfiguration;
			buildSettings = {
				ALWAYS_EMBED_SWIFT_STANDARD_LIBRARIES = YES;
				BUNDLE_LOADER = "$(TEST_HOST)";
				CODE_SIGN_STYLE = Automatic;
				CURRENT_PROJECT_VERSION = 1;
				DEVELOPMENT_TEAM = 4S632X8MX9;
				GENERATE_INFOPLIST_FILE = YES;
				IPHONEOS_DEPLOYMENT_TARGET = 17.5;
				MARKETING_VERSION = 1.0;
				PRODUCT_BUNDLE_IDENTIFIER = io.skywalker.SmartHomeThermostatTests;
				PRODUCT_NAME = "$(TARGET_NAME)";
				SWIFT_EMIT_LOC_STRINGS = NO;
				SWIFT_VERSION = 5.0;
				TARGETED_DEVICE_FAMILY = "1,2";
				TEST_HOST = "$(BUILT_PRODUCTS_DIR)/SmartHomeThermostat.app/$(BUNDLE_EXECUTABLE_FOLDER_PATH)/SmartHomeThermostat";
			};
			name = Debug;
		};
		902BD5D42C5E8EAC001D8DDB /* Release */ = {
			isa = XCBuildConfiguration;
			buildSettings = {
				ALWAYS_EMBED_SWIFT_STANDARD_LIBRARIES = YES;
				BUNDLE_LOADER = "$(TEST_HOST)";
				CODE_SIGN_STYLE = Automatic;
				CURRENT_PROJECT_VERSION = 1;
				DEVELOPMENT_TEAM = 4S632X8MX9;
				GENERATE_INFOPLIST_FILE = YES;
				IPHONEOS_DEPLOYMENT_TARGET = 17.5;
				MARKETING_VERSION = 1.0;
				PRODUCT_BUNDLE_IDENTIFIER = io.skywalker.SmartHomeThermostatTests;
				PRODUCT_NAME = "$(TARGET_NAME)";
				SWIFT_EMIT_LOC_STRINGS = NO;
				SWIFT_VERSION = 5.0;
				TARGETED_DEVICE_FAMILY = "1,2";
				TEST_HOST = "$(BUILT_PRODUCTS_DIR)/SmartHomeThermostat.app/$(BUNDLE_EXECUTABLE_FOLDER_PATH)/SmartHomeThermostat";
			};
			name = Release;
		};
		902BD5D62C5E8EAC001D8DDB /* Debug */ = {
			isa = XCBuildConfiguration;
			buildSettings = {
				ALWAYS_EMBED_SWIFT_STANDARD_LIBRARIES = YES;
				CODE_SIGN_STYLE = Automatic;
				CURRENT_PROJECT_VERSION = 1;
				DEVELOPMENT_TEAM = 4S632X8MX9;
				GENERATE_INFOPLIST_FILE = YES;
				MARKETING_VERSION = 1.0;
				PRODUCT_BUNDLE_IDENTIFIER = io.skywalker.SmartHomeThermostatUITests;
				PRODUCT_NAME = "$(TARGET_NAME)";
				SWIFT_EMIT_LOC_STRINGS = NO;
				SWIFT_VERSION = 5.0;
				TARGETED_DEVICE_FAMILY = "1,2";
				TEST_TARGET_NAME = SmartHomeThermostat;
			};
			name = Debug;
		};
		902BD5D72C5E8EAC001D8DDB /* Release */ = {
			isa = XCBuildConfiguration;
			buildSettings = {
				ALWAYS_EMBED_SWIFT_STANDARD_LIBRARIES = YES;
				CODE_SIGN_STYLE = Automatic;
				CURRENT_PROJECT_VERSION = 1;
				DEVELOPMENT_TEAM = 4S632X8MX9;
				GENERATE_INFOPLIST_FILE = YES;
				MARKETING_VERSION = 1.0;
				PRODUCT_BUNDLE_IDENTIFIER = io.skywalker.SmartHomeThermostatUITests;
				PRODUCT_NAME = "$(TARGET_NAME)";
				SWIFT_EMIT_LOC_STRINGS = NO;
				SWIFT_VERSION = 5.0;
				TARGETED_DEVICE_FAMILY = "1,2";
				TEST_TARGET_NAME = SmartHomeThermostat;
			};
			name = Release;
		};
/* End XCBuildConfiguration section */

/* Begin XCConfigurationList section */
		902BD5A62C5E8EAA001D8DDB /* Build configuration list for PBXProject "SmartHomeThermostat" */ = {
			isa = XCConfigurationList;
			buildConfigurations = (
				902BD5CD2C5E8EAC001D8DDB /* Debug */,
				902BD5CE2C5E8EAC001D8DDB /* Release */,
			);
			defaultConfigurationIsVisible = 0;
			defaultConfigurationName = Release;
		};
		902BD5CF2C5E8EAC001D8DDB /* Build configuration list for PBXNativeTarget "SmartHomeThermostat" */ = {
			isa = XCConfigurationList;
			buildConfigurations = (
				902BD5D02C5E8EAC001D8DDB /* Debug */,
				902BD5D12C5E8EAC001D8DDB /* Release */,
			);
			defaultConfigurationIsVisible = 0;
			defaultConfigurationName = Release;
		};
		902BD5D22C5E8EAC001D8DDB /* Build configuration list for PBXNativeTarget "SmartHomeThermostatTests" */ = {
			isa = XCConfigurationList;
			buildConfigurations = (
				902BD5D32C5E8EAC001D8DDB /* Debug */,
				902BD5D42C5E8EAC001D8DDB /* Release */,
			);
			defaultConfigurationIsVisible = 0;
			defaultConfigurationName = Release;
		};
		902BD5D52C5E8EAC001D8DDB /* Build configuration list for PBXNativeTarget "SmartHomeThermostatUITests" */ = {
			isa = XCConfigurationList;
			buildConfigurations = (
				902BD5D62C5E8EAC001D8DDB /* Debug */,
				902BD5D72C5E8EAC001D8DDB /* Release */,
			);
			defaultConfigurationIsVisible = 0;
			defaultConfigurationName = Release;
		};
/* End XCConfigurationList section */
	};
	rootObject = 902BD5A32C5E8EAA001D8DDB /* Project object */;
}
